<Solution>
  <Configurations>
    <Platform Name="x64" />
    <Platform Name="x86" />
  </Configurations>
  <Project Path="Ellipsoid/Ellipsoid.vcxproj" Id="6d46fe3d-1942-45e5-ab2e-ff97888b7c69">
    <BuildDependency Project="MathLib/MathLib.vcxproj" />
  </Project>
  <Project Path="ImGuiLib/ImGuiLib.vcxproj" Id="6681e94c-42d5-4f61-9610-c3ed6769f0e9" />
  <Project Path="MathLib/MathLib.vcxproj" Id="82e20199-5418-4cbb-9fc6-7c7e86c6d7de" />
  <Project Path="MathLibTest/MathLibTest.vcxproj" />
</Solution>
