<?xml version="1.0" encoding="utf-8"?>
<Project ToolsVersion="4.0" xmlns="http://schemas.microsoft.com/developer/msbuild/2003">
  <ItemGroup>
    <Filter Include="Pliki źródłowe">
      <UniqueIdentifier>{4FC737F1-C7A5-4376-A066-2A32D752A2FF}</UniqueIdentifier>
      <Extensions>cpp;c;cc;cxx;c++;cppm;ixx;def;odl;idl;hpj;bat;asm;asmx</Extensions>
    </Filter>
    <Filter Include="Pliki nagłówkowe">
      <UniqueIdentifier>{93995380-89BD-4b04-88EB-625FBE52EBFB}</UniqueIdentifier>
      <Extensions>h;hh;hpp;hxx;h++;hm;inl;inc;ipp;xsd</Extensions>
    </Filter>
    <Filter Include="Pliki zasobów">
      <UniqueIdentifier>{67DA6AB6-F800-4c08-8B7A-83BB121AAD01}</UniqueIdentifier>
      <Extensions>rc;ico;cur;bmp;dlg;rc2;rct;bin;rgs;gif;jpg;jpeg;jpe;resx;tiff;tif;png;wav;mfcribbon-ms</Extensions>
    </Filter>
    <Filter Include="Pliki shaderów">
      <UniqueIdentifier>{9c342733-c09d-40c9-bad3-f1e553439d88}</UniqueIdentifier>
    </Filter>
    <Filter Include="Pliki nagłówkowe\d3dx">
      <UniqueIdentifier>{bbb6f776-27c7-4a98-8c2e-b43609af6b44}</UniqueIdentifier>
    </Filter>
    <Filter Include="Pliki nagłówkowe\win32">
      <UniqueIdentifier>{aef6ba8d-4427-4432-b3a3-d432b778b185}</UniqueIdentifier>
    </Filter>
    <Filter Include="Pliki źródłowe\d3dx">
      <UniqueIdentifier>{7dc843f2-0923-4db8-9fc1-39949264a886}</UniqueIdentifier>
    </Filter>
    <Filter Include="Pliki źródłowe\win32">
      <UniqueIdentifier>{4e630713-02dd-49b4-af46-df5885a8438e}</UniqueIdentifier>
    </Filter>
    <Filter Include="Pliki nagłówkowe\geometry">
      <UniqueIdentifier>{2116e3c2-41fa-4f0c-ba86-9442687911fe}</UniqueIdentifier>
    </Filter>
    <Filter Include="Pliki źródłowe\geometry">
      <UniqueIdentifier>{c41f16e4-9703-4d53-b9a0-81d8e84b693a}</UniqueIdentifier>
    </Filter>
    <Filter Include="Pliki źródłowe\utils">
      <UniqueIdentifier>{2880b4c8-18a7-40bd-b0b9-c29c31f21a4e}</UniqueIdentifier>
    </Filter>
    <Filter Include="Pliki nagłówkowe\utils">
      <UniqueIdentifier>{5f209589-7983-49ec-8425-95a08564e128}</UniqueIdentifier>
    </Filter>
  </ItemGroup>
  <ItemGroup>
    <ClCompile Include="main.cpp">
      <Filter>Pliki źródłowe</Filter>
    </ClCompile>
    <ClCompile Include="pch.cpp">
      <Filter>Pliki źródłowe</Filter>
    </ClCompile>
    <ClCompile Include="CadApplication.cpp">
      <Filter>Pliki źródłowe</Filter>
    </ClCompile>
    <ClCompile Include="Cursor3D.cpp">
      <Filter>Pliki źródłowe</Filter>
    </ClCompile>
    <ClCompile Include="BezierCurve.cpp">
      <Filter>Pliki źródłowe\geometry</Filter>
    </ClCompile>
    <ClCompile Include="BSplineCurve.cpp">
      <Filter>Pliki źródłowe\geometry</Filter>
    </ClCompile>
    <ClCompile Include="InterpolatingCurve.cpp">
      <Filter>Pliki źródłowe\geometry</Filter>
    </ClCompile>
    <ClCompile Include="SceneObject.cpp">
      <Filter>Pliki źródłowe\geometry</Filter>
    </ClCompile>
    <ClCompile Include="Point.cpp">
      <Filter>Pliki źródłowe\geometry</Filter>
    </ClCompile>
    <ClCompile Include="Torus.cpp">
      <Filter>Pliki źródłowe\geometry</Filter>
    </ClCompile>
    <ClCompile Include="Curve.cpp">
      <Filter>Pliki źródłowe\geometry</Filter>
    </ClCompile>
    <ClCompile Include="DxApplication.cpp">
      <Filter>Pliki źródłowe\d3dx</Filter>
    </ClCompile>
    <ClCompile Include="DxDevice.cpp">
      <Filter>Pliki źródłowe\d3dx</Filter>
    </ClCompile>
    <ClCompile Include="DxStructures.cpp">
      <Filter>Pliki źródłowe\d3dx</Filter>
    </ClCompile>
    <ClCompile Include="Camera.cpp">
      <Filter>Pliki źródłowe\d3dx</Filter>
    </ClCompile>
    <ClCompile Include="Window.cpp">
      <Filter>Pliki źródłowe\win32</Filter>
    </ClCompile>
    <ClCompile Include="WindowApplication.cpp">
      <Filter>Pliki źródłowe\win32</Filter>
    </ClCompile>
    <ClCompile Include="exceptions.cpp">
      <Filter>Pliki źródłowe\utils</Filter>
    </ClCompile>
    <ClCompile Include="BezierSurface.cpp">
      <Filter>Pliki źródłowe\geometry</Filter>
    </ClCompile>
    <ClCompile Include="Surface.cpp">
      <Filter>Pliki źródłowe\geometry</Filter>
    </ClCompile>
    <ClCompile Include="BSplineSurface.cpp">
      <Filter>Pliki źródłowe\geometry</Filter>
    </ClCompile>
  </ItemGroup>
  <ItemGroup>
    <ClInclude Include="framework.h">
      <Filter>Pliki nagłówkowe</Filter>
    </ClInclude>
    <ClInclude Include="pch.h">
      <Filter>Pliki nagłówkowe</Filter>
    </ClInclude>
    <ClInclude Include="CadApplication.h">
      <Filter>Pliki nagłówkowe</Filter>
    </ClInclude>
    <ClInclude Include="Cursor3D.h">
      <Filter>Pliki nagłówkowe</Filter>
    </ClInclude>
    <ClInclude Include="structs.h">
      <Filter>Pliki nagłówkowe</Filter>
    </ClInclude>
    <ClInclude Include="Camera.h">
      <Filter>Pliki nagłówkowe\d3dx</Filter>
    </ClInclude>
    <ClInclude Include="DxApplication.h">
      <Filter>Pliki nagłówkowe\d3dx</Filter>
    </ClInclude>
    <ClInclude Include="DxDevice.h">
      <Filter>Pliki nagłówkowe\d3dx</Filter>
    </ClInclude>
    <ClInclude Include="DxStructures.h">
      <Filter>Pliki nagłówkowe\d3dx</Filter>
    </ClInclude>
    <ClInclude Include="Window.h">
      <Filter>Pliki nagłówkowe\win32</Filter>
    </ClInclude>
    <ClInclude Include="WindowApplication.h">
      <Filter>Pliki nagłówkowe\win32</Filter>
    </ClInclude>
    <ClInclude Include="BezierCurve.h">
      <Filter>Pliki nagłówkowe\geometry</Filter>
    </ClInclude>
    <ClInclude Include="BSplineCurve.h">
      <Filter>Pliki nagłówkowe\geometry</Filter>
    </ClInclude>
    <ClInclude Include="Curve.h">
      <Filter>Pliki nagłówkowe\geometry</Filter>
    </ClInclude>
    <ClInclude Include="InterpolatingCurve.h">
      <Filter>Pliki nagłówkowe\geometry</Filter>
    </ClInclude>
    <ClInclude Include="SceneObject.h">
      <Filter>Pliki nagłówkowe\geometry</Filter>
    </ClInclude>
    <ClInclude Include="Point.h">
      <Filter>Pliki nagłówkowe\geometry</Filter>
    </ClInclude>
    <ClInclude Include="Torus.h">
      <Filter>Pliki nagłówkowe\geometry</Filter>
    </ClInclude>
    <ClInclude Include="exceptions.h">
      <Filter>Pliki nagłówkowe\utils</Filter>
    </ClInclude>
    <ClInclude Include="BezierSurface.h">
      <Filter>Pliki nagłówkowe\geometry</Filter>
    </ClInclude>
    <ClInclude Include="Surface.h">
      <Filter>Pliki nagłówkowe\geometry</Filter>
    </ClInclude>
    <ClInclude Include="BSplineSurface.h">
      <Filter>Pliki nagłówkowe\geometry</Filter>
    </ClInclude>
  </ItemGroup>
  <ItemGroup>
    <FxCompile Include="VertexShader.hlsl">
      <Filter>Pliki shaderów</Filter>
    </FxCompile>
    <FxCompile Include="PixelShader.hlsl">
      <Filter>Pliki shaderów</Filter>
    </FxCompile>
    <FxCompile Include="PointVS.hlsl">
      <Filter>Pliki shaderów</Filter>
    </FxCompile>
    <FxCompile Include="PointPS.hlsl">
      <Filter>Pliki shaderów</Filter>
    </FxCompile>
    <FxCompile Include="PointGS.hlsl">
      <Filter>Pliki shaderów</Filter>
    </FxCompile>
    <FxCompile Include="BezierGS.hlsl">
      <Filter>Pliki shaderów</Filter>
    </FxCompile>
    <FxCompile Include="BezierVS.hlsl">
      <Filter>Pliki shaderów</Filter>
    </FxCompile>
    <FxCompile Include="SurfaceHS.hlsl">
      <Filter>Pliki shaderów</Filter>
    </FxCompile>
    <FxCompile Include="SurfaceDS.hlsl">
      <Filter>Pliki shaderów</Filter>
    </FxCompile>
    <FxCompile Include="SurfaceVS.hlsl">
      <Filter>Pliki shaderów</Filter>
    </FxCompile>
  </ItemGroup>
</Project>